{
  "nodes": {
    "bpmn-auto-layout": {
      "inputs": {
        "bpmn-to-image": "bpmn-to-image",
        "nixpkgs": [
          "nixpkgs"
        ]
      },
      "locked": {
        "lastModified": 1789884794,
        "narHash": "sha256-aZ9hSvygAVAWdG5FwvXjeaktvG35B5n2k/YPeR1Uw4Q=",
        "owner": "datakurre",
        "repo": "bpmn-auto-layout",
        "rev": "a8881e585339c1bdbff150e542db45f5aab32c78",
        "type": "github"
      },
      "original": {
        "owner": "datakurre",
        "repo": "bpmn-auto-layout",
        "type": "github"
      }
    },
    "bpmn-to-image": {
      "inputs": {
        "flake-utils": "flake-utils",
        "nixpkgs": [
          "bpmn-auto-layout",
          "nixpkgs"
        ]
      },
      "locked": {
        "lastModified": 1789222056,
        "narHash": "sha256-NbuGqA8zwqE1KPSA6N/cYA1BAqBVNu6gWPhuiO1rtKI=",
        "owner": "datakurre",
        "repo": "bpmn-to-image",
        "rev": "6ea890508118ab38f40bcea44a67aa70206ab1a2",
        "type": "github"
      },
      "original": {
        "owner": "datakurre",
        "repo": "bpmn-to-image",
        "type": "github"
      }
    },
    "bpmnRepo": {
      "flake": false,
      "locked": {
        "lastModified": 1789978540,
        "narHash": "sha256-ghZd3FPTOOyy+Yl+pejo/n/btOx9P5uJykxu7BrZaXQ=",
        "ref": "refs/heads/main",
        "rev": "cea0883b1b5a5672b8f6453da8d2e8f86e8c1ef9",
        "revCount": 323,
        "type": "git",
        "url": "https://gitlab.com/vasara-bpm/vscode-operaton-bpmn-js-modeler.git"
      },
      "original": {
        "type": "git",
        "url": "https://gitlab.com/vasara-bpm/vscode-operaton-bpmn-js-modeler.git"
      }
    },
    "dmnRepo": {
      "flake": false,
      "locked": {
        "lastModified": 1774018741,
        "narHash": "sha256-ROgpVWe7ZSGUgg6Wo4ccWZ54YdZTpACaoqQdYFQYcU4=",
        "ref": "refs/heads/main",
        "rev": "f281d3404ef09057b36c02986b49a49ed7b3c422",
        "revCount": 295,
        "type": "git",
        "url": "https://gitlab.com/vasara-bpm/vscode-operaton-dmn-js-modeler.git"
      },
      "original": {
        "type": "git",
        "url": "https://gitlab.com/vasara-bpm/vscode-operaton-dmn-js-modeler.git"
      }
    },
    "flake-utils": {
      "inputs": {
        "systems": "systems"
      },
      "locked": {
        "lastModified": 1731533236,
        "narHash": "sha256-l0KFg5HjrsfsO/JpG+r7fRrqm12kzFHyUHqHCVpMMbI=",
        "owner": "numtide",
        "repo": "flake-utils",
        "rev": "11707dc2f618dd54ca8739b309ec4fc024de578b",
        "type": "github"
      },
      "original": {
        "owner": "numtide",
        "repo": "flake-utils",
        "type": "github"
      }
    },
    "formRepo": {
      "flake": false,
      "locked": {
        "lastModified": 1789978541,
        "narHash": "sha256-ow74e0KAP4IRNweoJC2dIamUsLWdqkvcbd2Ob2EkFo4=",
        "ref": "refs/heads/main",
        "rev": "5198c5412b872f5180c450e43276b108167d911d",
        "revCount": 53,
        "type": "git",
        "url": "https://gitlab.com/vasara-bpm/vscode-operaton-form-js-modeler.git"
      },
      "original": {
        "type": "git",
        "url": "https://gitlab.com/vasara-bpm/vscode-operaton-form-js-modeler.git"
      }
    },
    "nixpkgs": {
      "locked": {
        "lastModified": 1789724158,
        "narHash": "sha256-nlKgrm0dsVhOSopKheVBCcOpiIticufPPVLdVOI0euA=",
        "owner": "NixOS",
        "repo": "nixpkgs",
        "rev": "0a3468a402c449992505b6a9fc5b06580141b750",
        "type": "github"
      },
      "original": {
        "owner": "NixOS",
        "ref": "nixpkgs-unstable",
        "repo": "nixpkgs",
        "type": "github"
      }
    },
    "root": {
      "inputs": {
        "bpmn-auto-layout": "bpmn-auto-layout",
        "bpmnRepo": "bpmnRepo",
        "dmnRepo": "dmnRepo",
        "formRepo": "formRepo",
        "nixpkgs": "nixpkgs"
      }
    },
    "systems": {
      "locked": {
        "lastModified": 1681028828,
        "narHash": "sha256-Vy1rq5AaRuLzOxct8nz4T6wlgyUR7zLU309k9mBC768=",
        "owner": "nix-systems",
        "repo": "default",
        "rev": "da67096a3b9bf56a91d16901293e51ba5b49a27e",
        "type": "github"
      },
      "original": {
        "owner": "nix-systems",
        "repo": "default",
        "type": "github"
      }
    }
  },
  "root": "root",
  "version": 7
}
