{
  "nodes": {
    "bpmn-auto-layout": {
      "inputs": {
        "bpmn-to-image": "bpmn-to-image",
        "nixpkgs": [
          "nixpkgs"
        ]
      },
      "locked": {
        "lastModified": 1790402238,
        "narHash": "sha256-SCmNxRQx7+4uFZLEwl7S/yHWwfkHO0kuEYupd01tC6I=",
        "owner": "datakurre",
        "repo": "bpmn-auto-layout",
        "rev": "7ceacf2fbbe5132ed0446bcb0e3ea94d0c5b2884",
        "type": "github"
      },
      "original": {
        "owner": "datakurre",
        "repo": "bpmn-auto-layout",
        "type": "github"
      }
    },
    "bpmn-to-image": {
      "inputs": {
        "flake-utils": "flake-utils",
        "nixpkgs": [
          "bpmn-auto-layout",
          "nixpkgs"
        ]
      },
      "locked": {
        "lastModified": 1789222056,
        "narHash": "sha256-NbuGqA8zwqE1KPSA6N/cYA1BAqBVNu6gWPhuiO1rtKI=",
        "owner": "datakurre",
        "repo": "bpmn-to-image",
        "rev": "6ea890508118ab38f40bcea44a67aa70206ab1a2",
        "type": "github"
      },
      "original": {
        "owner": "datakurre",
        "repo": "bpmn-to-image",
        "type": "github"
      }
    },
    "bpmnRepo": {
      "flake": false,
      "locked": {
        "lastModified": 1789978540,
        "narHash": "sha256-ghZd3FPTOOyy+Yl+pejo/n/btOx9P5uJykxu7BrZaXQ=",
        "ref": "refs/heads/main",
        "rev": "cea0883b1b5a5672b8f6453da8d2e8f86e8c1ef9",
        "revCount": 323,
        "type": "git",
        "url": "https://gitlab.com/vasara-bpm/vscode-operaton-bpmn-js-modeler.git"
      },
      "original": {
        "type": "git",
        "url": "https://gitlab.com/vasara-bpm/vscode-operaton-bpmn-js-modeler.git"
      }
    },
    "dmnRepo": {
      "flake": false,
      "locked": {
        "lastModified": 1774018741,
        "narHash": "sha256-ROgpVWe7ZSGUgg6Wo4ccWZ54YdZTpACaoqQdYFQYcU4=",
        "ref": "refs/heads/main",
        "rev": "f281d3404ef09057b36c02986b49a49ed7b3c422",
        "revCount": 295,
        "type": "git",
        "url": "https://gitlab.com/vasara-bpm/vscode-operaton-dmn-js-modeler.git"
      },
      "original": {
        "type": "git",
        "url": "https://gitlab.com/vasara-bpm/vscode-operaton-dmn-js-modeler.git"
      }
    },
    "flake-utils": {
      "inputs": {
        "systems": "systems"
      },
      "locked": {
        "lastModified": 1731533236,
        "narHash": "sha256-l0KFg5HjrsfsO/JpG+r7fRrqm12kzFHyUHqHCVpMMbI=",
        "owner": "numtide",
        "repo": "flake-utils",
        "rev": "11707dc2f618dd54ca8739b309ec4fc024de578b",
        "type": "github"
      },
      "original": {
        "owner": "numtide",
        "repo": "flake-utils",
        "type": "github"
      }
    },
    "formRepo": {
      "flake": false,
      "locked": {
        "lastModified": 1789998482,
        "narHash": "sha256-99hMWvNwq1oiGiRtzv/pVqZBq0YkwH3WMyljibPZFSY=",
        "ref": "refs/heads/main",
        "rev": "0855895554aed92f10c17ea65483b77a12c578c0",
        "revCount": 54,
        "type": "git",
        "url": "https://gitlab.com/vasara-bpm/vscode-operaton-form-js-modeler.git"
      },
      "original": {
        "type": "git",
        "url": "https://gitlab.com/vasara-bpm/vscode-operaton-form-js-modeler.git"
      }
    },
    "nixpkgs": {
      "locked": {
        "lastModified": 1789844176,
        "narHash": "sha256-COQmpo4lFIzMgUjr3ntDpjH0NwrCnf7N0uhR+6WPGP8=",
        "owner": "NixOS",
        "repo": "nixpkgs",
        "rev": "79b35bf0bda5cd110f856aa5b5b2c5ba4460dbf5",
        "type": "github"
      },
      "original": {
        "owner": "NixOS",
        "ref": "nixpkgs-unstable",
        "repo": "nixpkgs",
        "type": "github"
      }
    },
    "root": {
      "inputs": {
        "bpmn-auto-layout": "bpmn-auto-layout",
        "bpmnRepo": "bpmnRepo",
        "dmnRepo": "dmnRepo",
        "formRepo": "formRepo",
        "nixpkgs": "nixpkgs"
      }
    },
    "systems": {
      "locked": {
        "lastModified": 1681028828,
        "narHash": "sha256-Vy1rq5AaRuLzOxct8nz4T6wlgyUR7zLU309k9mBC768=",
        "owner": "nix-systems",
        "repo": "default",
        "rev": "da67096a3b9bf56a91d16901293e51ba5b49a27e",
        "type": "github"
      },
      "original": {
        "owner": "nix-systems",
        "repo": "default",
        "type": "github"
      }
    }
  },
  "root": "root",
  "version": 7
}
